
Microsoft Visual Studio Solution File, Format Version 12.00
# Visual Studio Version 16
VisualStudioVersion = 16.0.31702.278
MinimumVisualStudioVersion = 10.0.40219.1
Project("{FAE04EC0-301F-11D3-BF4B-00C04F79EFBC}") = "variables en datatypeps", "variables en datatypeps\variables en datatypeps.csproj", "{8E58ECF5-ED26-4E3F-924E-9AEE13FDD2B6}"
EndProject
Global
	GlobalSection(SolutionConfigurationPlatforms) = preSolution
		Debug|Any CPU = Debug|Any CPU
		Release|Any CPU = Release|Any CPU
	EndGlobalSection
	GlobalSection(ProjectConfigurationPlatforms) = postSolution
		{8E58ECF5-ED26-4E3F-924E-9AEE13FDD2B6}.Debug|Any CPU.ActiveCfg = Debug|Any CPU
		{8E58ECF5-ED26-4E3F-924E-9AEE13FDD2B6}.Debug|Any CPU.Build.0 = Debug|Any CPU
		{8E58ECF5-ED26-4E3F-924E-9AEE13FDD2B6}.Release|Any CPU.ActiveCfg = Release|Any CPU
		{8E58ECF5-ED26-4E3F-924E-9AEE13FDD2B6}.Release|Any CPU.Build.0 = Release|Any CPU
	EndGlobalSection
	GlobalSection(SolutionProperties) = preSolution
		HideSolutionNode = FALSE
	EndGlobalSection
	GlobalSection(ExtensibilityGlobals) = postSolution
		SolutionGuid = {335D024C-4952-4A8D-97F4-CC4FFE365BA1}
	EndGlobalSection
EndGlobal
