
Microsoft Visual Studio Solution File, Format Version 12.00
# Visual Studio Version 16
VisualStudioVersion = 16.0.31702.278
MinimumVisualStudioVersion = 10.0.40219.1
Project("{9A19103F-16F7-4668-BE54-9A1E7A4F7556}") = "csharp", "csharp.csproj", "{01086A1F-A489-4653-A4CA-483D07ADC767}"
EndProject
Global
	GlobalSection(SolutionConfigurationPlatforms) = preSolution
		Debug|Any CPU = Debug|Any CPU
		Release|Any CPU = Release|Any CPU
	EndGlobalSection
	GlobalSection(ProjectConfigurationPlatforms) = postSolution
		{01086A1F-A489-4653-A4CA-483D07ADC767}.Debug|Any CPU.ActiveCfg = Debug|Any CPU
		{01086A1F-A489-4653-A4CA-483D07ADC767}.Debug|Any CPU.Build.0 = Debug|Any CPU
		{01086A1F-A489-4653-A4CA-483D07ADC767}.Release|Any CPU.ActiveCfg = Release|Any CPU
		{01086A1F-A489-4653-A4CA-483D07ADC767}.Release|Any CPU.Build.0 = Release|Any CPU
	EndGlobalSection
	GlobalSection(SolutionProperties) = preSolution
		HideSolutionNode = FALSE
	EndGlobalSection
	GlobalSection(ExtensibilityGlobals) = postSolution
		SolutionGuid = {48B91E03-9374-45DF-8B90-52A4D44A6095}
	EndGlobalSection
EndGlobal
