
Microsoft Visual Studio Solution File, Format Version 12.00
# Visual Studio Version 16
VisualStudioVersion = 16.0.31702.278
MinimumVisualStudioVersion = 10.0.40219.1
Project("{FAE04EC0-301F-11D3-BF4B-00C04F79EFBC}") = "scopes", "scopes\scopes.csproj", "{4F0E29A1-9505-4251-A4C8-0DAC7B8C06DC}"
EndProject
Global
	GlobalSection(SolutionConfigurationPlatforms) = preSolution
		Debug|Any CPU = Debug|Any CPU
		Release|Any CPU = Release|Any CPU
	EndGlobalSection
	GlobalSection(ProjectConfigurationPlatforms) = postSolution
		{4F0E29A1-9505-4251-A4C8-0DAC7B8C06DC}.Debug|Any CPU.ActiveCfg = Debug|Any CPU
		{4F0E29A1-9505-4251-A4C8-0DAC7B8C06DC}.Debug|Any CPU.Build.0 = Debug|Any CPU
		{4F0E29A1-9505-4251-A4C8-0DAC7B8C06DC}.Release|Any CPU.ActiveCfg = Release|Any CPU
		{4F0E29A1-9505-4251-A4C8-0DAC7B8C06DC}.Release|Any CPU.Build.0 = Release|Any CPU
	EndGlobalSection
	GlobalSection(SolutionProperties) = preSolution
		HideSolutionNode = FALSE
	EndGlobalSection
	GlobalSection(ExtensibilityGlobals) = postSolution
		SolutionGuid = {7FF09EDB-FC5A-4C4C-BAC7-F73E434875A5}
	EndGlobalSection
EndGlobal
